
Microsoft Visual Studio Solution File, Format Version 12.00
# Visual Studio Version 17
VisualStudioVersion = 17.4.33205.214
MinimumVisualStudioVersion = 10.0.40219.1
Project("{FAE04EC0-301F-11D3-BF4B-00C04F79EFBC}") = "WinFormsApp1", "WinFormsApp1\WinFormsApp1.csproj", "{7FC0ACD8-A2E3-4121-9DB0-21D6C19FC0BA}"
EndProject
Global
	GlobalSection(SolutionConfigurationPlatforms) = preSolution
		Debug|Any CPU = Debug|Any CPU
		Release|Any CPU = Release|Any CPU
	EndGlobalSection
	GlobalSection(ProjectConfigurationPlatforms) = postSolution
		{7FC0ACD8-A2E3-4121-9DB0-21D6C19FC0BA}.Debug|Any CPU.ActiveCfg = Debug|Any CPU
		{7FC0ACD8-A2E3-4121-9DB0-21D6C19FC0BA}.Debug|Any CPU.Build.0 = Debug|Any CPU
		{7FC0ACD8-A2E3-4121-9DB0-21D6C19FC0BA}.Release|Any CPU.ActiveCfg = Release|Any CPU
		{7FC0ACD8-A2E3-4121-9DB0-21D6C19FC0BA}.Release|Any CPU.Build.0 = Release|Any CPU
	EndGlobalSection
	GlobalSection(SolutionProperties) = preSolution
		HideSolutionNode = FALSE
	EndGlobalSection
	GlobalSection(ExtensibilityGlobals) = postSolution
		SolutionGuid = {3897030E-C2B8-4E20-8B85-111CC7D47A9B}
	EndGlobalSection
EndGlobal
